// !$*UTF8*$!
{
	archiveVersion = 1;
	classes = {
	};
	objectVersion = 56;
	objects = {

/* Begin PBXBuildFile section */
		8965232A2AE30F7A0091C7FB /* AppDelegate.swift in Sources */ = {isa = PBXBuildFile; fileRef = 896523292AE30F7A0091C7FB /* AppDelegate.swift */; };
		8965232C2AE30F7A0091C7FB /* SceneDelegate.swift in Sources */ = {isa = PBXBuildFile; fileRef = 8965232B2AE30F7A0091C7FB /* SceneDelegate.swift */; };
		896523332AE30F820091C7FB /* Assets.xcassets in Resources */ = {isa = PBXBuildFile; fileRef = 896523322AE30F820091C7FB /* Assets.xcassets */; };
		896523362AE30F820091C7FB /* LaunchScreen.storyboard in Resources */ = {isa = PBXBuildFile; fileRef = 896523342AE30F820091C7FB /* LaunchScreen.storyboard */; };
		896523422AE310270091C7FB /* ContactCellView.swift in Sources */ = {isa = PBXBuildFile; fileRef = 896523412AE310270091C7FB /* ContactCellView.swift */; };
		896523452AE3104C0091C7FB /* ContactParticularView.swift in Sources */ = {isa = PBXBuildFile; fileRef = 896523442AE3104C0091C7FB /* ContactParticularView.swift */; };
		896523472AE3105E0091C7FB /* ContactListViewController.swift in Sources */ = {isa = PBXBuildFile; fileRef = 896523462AE3105E0091C7FB /* ContactListViewController.swift */; };
		896523492AE3107B0091C7FB /* ContactParticularViewController.swift in Sources */ = {isa = PBXBuildFile; fileRef = 896523482AE3107B0091C7FB /* ContactParticularViewController.swift */; };
		8965234B2AE3108F0091C7FB /* Contact.swift in Sources */ = {isa = PBXBuildFile; fileRef = 8965234A2AE3108F0091C7FB /* Contact.swift */; };
/* End PBXBuildFile section */

/* Begin PBXFileReference section */
		896523262AE30F7A0091C7FB /* hw4.app */ = {isa = PBXFileReference; explicitFileType = wrapper.application; includeInIndex = 0; path = hw4.app; sourceTree = BUILT_PRODUCTS_DIR; };
		896523292AE30F7A0091C7FB /* AppDelegate.swift */ = {isa = PBXFileReference; lastKnownFileType = sourcecode.swift; path = AppDelegate.swift; sourceTree = "<group>"; };
		8965232B2AE30F7A0091C7FB /* SceneDelegate.swift */ = {isa = PBXFileReference; lastKnownFileType = sourcecode.swift; path = SceneDelegate.swift; sourceTree = "<group>"; };
		896523322AE30F820091C7FB /* Assets.xcassets */ = {isa = PBXFileReference; lastKnownFileType = folder.assetcatalog; path = Assets.xcassets; sourceTree = "<group>"; };
		896523352AE30F820091C7FB /* Base */ = {isa = PBXFileReference; lastKnownFileType = file.storyboard; name = Base; path = Base.lproj/LaunchScreen.storyboard; sourceTree = "<group>"; };
		896523372AE30F820091C7FB /* Info.plist */ = {isa = PBXFileReference; lastKnownFileType = text.plist.xml; path = Info.plist; sourceTree = "<group>"; };
		896523412AE310270091C7FB /* ContactCellView.swift */ = {isa = PBXFileReference; lastKnownFileType = sourcecode.swift; path = ContactCellView.swift; sourceTree = "<group>"; };
		896523442AE3104C0091C7FB /* ContactParticularView.swift */ = {isa = PBXFileReference; lastKnownFileType = sourcecode.swift; path = ContactParticularView.swift; sourceTree = "<group>"; };
		896523462AE3105E0091C7FB /* ContactListViewController.swift */ = {isa = PBXFileReference; lastKnownFileType = sourcecode.swift; path = ContactListViewController.swift; sourceTree = "<group>"; };
		896523482AE3107B0091C7FB /* ContactParticularViewController.swift */ = {isa = PBXFileReference; lastKnownFileType = sourcecode.swift; path = ContactParticularViewController.swift; sourceTree = "<group>"; };
		8965234A2AE3108F0091C7FB /* Contact.swift */ = {isa = PBXFileReference; lastKnownFileType = sourcecode.swift; path = Contact.swift; sourceTree = "<group>"; };
/* End PBXFileReference section */

/* Begin PBXFrameworksBuildPhase section */
		896523232AE30F7A0091C7FB /* Frameworks */ = {
			isa = PBXFrameworksBuildPhase;
			buildActionMask = 2147483647;
			files = (
			);
			runOnlyForDeploymentPostprocessing = 0;
		};
/* End PBXFrameworksBuildPhase section */

/* Begin PBXGroup section */
		8965231D2AE30F7A0091C7FB = {
			isa = PBXGroup;
			children = (
				896523282AE30F7A0091C7FB /* hw4 */,
				896523272AE30F7A0091C7FB /* Products */,
			);
			sourceTree = "<group>";
		};
		896523272AE30F7A0091C7FB /* Products */ = {
			isa = PBXGroup;
			children = (
				896523262AE30F7A0091C7FB /* hw4.app */,
			);
			name = Products;
			sourceTree = "<group>";
		};
		896523282AE30F7A0091C7FB /* hw4 */ = {
			isa = PBXGroup;
			children = (
				8965233E2AE310050091C7FB /* Screens */,
				8965233D2AE30FE40091C7FB /* Data Structures */,
				896523292AE30F7A0091C7FB /* AppDelegate.swift */,
				8965232B2AE30F7A0091C7FB /* SceneDelegate.swift */,
				896523322AE30F820091C7FB /* Assets.xcassets */,
				896523342AE30F820091C7FB /* LaunchScreen.storyboard */,
				896523372AE30F820091C7FB /* Info.plist */,
			);
			path = hw4;
			sourceTree = "<group>";
		};
		8965233D2AE30FE40091C7FB /* Data Structures */ = {
			isa = PBXGroup;
			children = (
				8965234A2AE3108F0091C7FB /* Contact.swift */,
			);
			path = "Data Structures";
			sourceTree = "<group>";
		};
		8965233E2AE310050091C7FB /* Screens */ = {
			isa = PBXGroup;
			children = (
				896523402AE310140091C7FB /* Controller */,
				8965233F2AE3100D0091C7FB /* Views */,
			);
			path = Screens;
			sourceTree = "<group>";
		};
		8965233F2AE3100D0091C7FB /* Views */ = {
			isa = PBXGroup;
			children = (
				896523412AE310270091C7FB /* ContactCellView.swift */,
				896523442AE3104C0091C7FB /* ContactParticularView.swift */,
			);
			path = Views;
			sourceTree = "<group>";
		};
		896523402AE310140091C7FB /* Controller */ = {
			isa = PBXGroup;
			children = (
				896523462AE3105E0091C7FB /* ContactListViewController.swift */,
				896523482AE3107B0091C7FB /* ContactParticularViewController.swift */,
			);
			path = Controller;
			sourceTree = "<group>";
		};
/* End PBXGroup section */

/* Begin PBXNativeTarget section */
		896523252AE30F7A0091C7FB /* hw4 */ = {
			isa = PBXNativeTarget;
			buildConfigurationList = 8965233A2AE30F820091C7FB /* Build configuration list for PBXNativeTarget "hw4" */;
			buildPhases = (
				896523222AE30F7A0091C7FB /* Sources */,
				896523232AE30F7A0091C7FB /* Frameworks */,
				896523242AE30F7A0091C7FB /* Resources */,
			);
			buildRules = (
			);
			dependencies = (
			);
			name = hw4;
			productName = hw4;
			productReference = 896523262AE30F7A0091C7FB /* hw4.app */;
			productType = "com.apple.product-type.application";
		};
/* End PBXNativeTarget section */

/* Begin PBXProject section */
		8965231E2AE30F7A0091C7FB /* Project object */ = {
			isa = PBXProject;
			attributes = {
				BuildIndependentTargetsInParallel = 1;
				LastSwiftUpdateCheck = 1430;
				LastUpgradeCheck = 1430;
				TargetAttributes = {
					896523252AE30F7A0091C7FB = {
						CreatedOnToolsVersion = 14.3.1;
					};
				};
			};
			buildConfigurationList = 896523212AE30F7A0091C7FB /* Build configuration list for PBXProject "hw4" */;
			compatibilityVersion = "Xcode 14.0";
			developmentRegion = en;
			hasScannedForEncodings = 0;
			knownRegions = (
				en,
				Base,
			);
			mainGroup = 8965231D2AE30F7A0091C7FB;
			productRefGroup = 896523272AE30F7A0091C7FB /* Products */;
			projectDirPath = "";
			projectRoot = "";
			targets = (
				896523252AE30F7A0091C7FB /* hw4 */,
			);
		};
/* End PBXProject section */

/* Begin PBXResourcesBuildPhase section */
		896523242AE30F7A0091C7FB /* Resources */ = {
			isa = PBXResourcesBuildPhase;
			buildActionMask = 2147483647;
			files = (
				896523362AE30F820091C7FB /* LaunchScreen.storyboard in Resources */,
				896523332AE30F820091C7FB /* Assets.xcassets in Resources */,
			);
			runOnlyForDeploymentPostprocessing = 0;
		};
/* End PBXResourcesBuildPhase section */

/* Begin PBXSourcesBuildPhase section */
		896523222AE30F7A0091C7FB /* Sources */ = {
			isa = PBXSourcesBuildPhase;
			buildActionMask = 2147483647;
			files = (
				896523422AE310270091C7FB /* ContactCellView.swift in Sources */,
				896523452AE3104C0091C7FB /* ContactParticularView.swift in Sources */,
				896523492AE3107B0091C7FB /* ContactParticularViewController.swift in Sources */,
				8965232A2AE30F7A0091C7FB /* AppDelegate.swift in Sources */,
				8965232C2AE30F7A0091C7FB /* SceneDelegate.swift in Sources */,
				896523472AE3105E0091C7FB /* ContactListViewController.swift in Sources */,
				8965234B2AE3108F0091C7FB /* Contact.swift in Sources */,
			);
			runOnlyForDeploymentPostprocessing = 0;
		};
/* End PBXSourcesBuildPhase section */

/* Begin PBXVariantGroup section */
		896523342AE30F820091C7FB /* LaunchScreen.storyboard */ = {
			isa = PBXVariantGroup;
			children = (
				896523352AE30F820091C7FB /* Base */,
			);
			name = LaunchScreen.storyboard;
			sourceTree = "<group>";
		};
/* End PBXVariantGroup section */

/* Begin XCBuildConfiguration section */
		896523382AE30F820091C7FB /* Debug */ = {
			isa = XCBuildConfiguration;
			buildSettings = {
				ALWAYS_SEARCH_USER_PATHS = NO;
				CLANG_ANALYZER_NONNULL = YES;
				CLANG_ANALYZER_NUMBER_OBJECT_CONVERSION = YES_AGGRESSIVE;
				CLANG_CXX_LANGUAGE_STANDARD = "gnu++20";
				CLANG_ENABLE_MODULES = YES;
				CLANG_ENABLE_OBJC_ARC = YES;
				CLANG_ENABLE_OBJC_WEAK = YES;
				CLANG_WARN_BLOCK_CAPTURE_AUTORELEASING = YES;
				CLANG_WARN_BOOL_CONVERSION = YES;
				CLANG_WARN_COMMA = YES;
				CLANG_WARN_CONSTANT_CONVERSION = YES;
				CLANG_WARN_DEPRECATED_OBJC_IMPLEMENTATIONS = YES;
				CLANG_WARN_DIRECT_OBJC_ISA_USAGE = YES_ERROR;
				CLANG_WARN_DOCUMENTATION_COMMENTS = YES;
				CLANG_WARN_EMPTY_BODY = YES;
				CLANG_WARN_ENUM_CONVERSION = YES;
				CLANG_WARN_INFINITE_RECURSION = YES;
				CLANG_WARN_INT_CONVERSION = YES;
				CLANG_WARN_NON_LITERAL_NULL_CONVERSION = YES;
				CLANG_WARN_OBJC_IMPLICIT_RETAIN_SELF = YES;
				CLANG_WARN_OBJC_LITERAL_CONVERSION = YES;
				CLANG_WARN_OBJC_ROOT_CLASS = YES_ERROR;
				CLANG_WARN_QUOTED_INCLUDE_IN_FRAMEWORK_HEADER = YES;
				CLANG_WARN_RANGE_LOOP_ANALYSIS = YES;
				CLANG_WARN_STRICT_PROTOTYPES = YES;
				CLANG_WARN_SUSPICIOUS_MOVE = YES;
				CLANG_WARN_UNGUARDED_AVAILABILITY = YES_AGGRESSIVE;
				CLANG_WARN_UNREACHABLE_CODE = YES;
				CLANG_WARN__DUPLICATE_METHOD_MATCH = YES;
				COPY_PHASE_STRIP = NO;
				DEBUG_INFORMATION_FORMAT = dwarf;
				ENABLE_STRICT_OBJC_MSGSEND = YES;
				ENABLE_TESTABILITY = YES;
				GCC_C_LANGUAGE_STANDARD = gnu11;
				GCC_DYNAMIC_NO_PIC = NO;
				GCC_NO_COMMON_BLOCKS = YES;
				GCC_OPTIMIZATION_LEVEL = 0;
				GCC_PREPROCESSOR_DEFINITIONS = (
					"DEBUG=1",
					"$(inherited)",
				);
				GCC_WARN_64_TO_32_BIT_CONVERSION = YES;
				GCC_WARN_ABOUT_RETURN_TYPE = YES_ERROR;
				GCC_WARN_UNDECLARED_SELECTOR = YES;
				GCC_WARN_UNINITIALIZED_AUTOS = YES_AGGRESSIVE;
				GCC_WARN_UNUSED_FUNCTION = YES;
				GCC_WARN_UNUSED_VARIABLE = YES;
				IPHONEOS_DEPLOYMENT_TARGET = 16.4;
				MTL_ENABLE_DEBUG_INFO = INCLUDE_SOURCE;
				MTL_FAST_MATH = YES;
				ONLY_ACTIVE_ARCH = YES;
				SDKROOT = iphoneos;
				SWIFT_ACTIVE_COMPILATION_CONDITIONS = DEBUG;
				SWIFT_OPTIMIZATION_LEVEL = "-Onone";
			};
			name = Debug;
		};
		896523392AE30F820091C7FB /* Release */ = {
			isa = XCBuildConfiguration;
			buildSettings = {
				ALWAYS_SEARCH_USER_PATHS = NO;
				CLANG_ANALYZER_NONNULL = YES;
				CLANG_ANALYZER_NUMBER_OBJECT_CONVERSION = YES_AGGRESSIVE;
				CLANG_CXX_LANGUAGE_STANDARD = "gnu++20";
				CLANG_ENABLE_MODULES = YES;
				CLANG_ENABLE_OBJC_ARC = YES;
				CLANG_ENABLE_OBJC_WEAK = YES;
				CLANG_WARN_BLOCK_CAPTURE_AUTORELEASING = YES;
				CLANG_WARN_BOOL_CONVERSION = YES;
				CLANG_WARN_COMMA = YES;
				CLANG_WARN_CONSTANT_CONVERSION = YES;
				CLANG_WARN_DEPRECATED_OBJC_IMPLEMENTATIONS = YES;
				CLANG_WARN_DIRECT_OBJC_ISA_USAGE = YES_ERROR;
				CLANG_WARN_DOCUMENTATION_COMMENTS = YES;
				CLANG_WARN_EMPTY_BODY = YES;
				CLANG_WARN_ENUM_CONVERSION = YES;
				CLANG_WARN_INFINITE_RECURSION = YES;
				CLANG_WARN_INT_CONVERSION = YES;
				CLANG_WARN_NON_LITERAL_NULL_CONVERSION = YES;
				CLANG_WARN_OBJC_IMPLICIT_RETAIN_SELF = YES;
				CLANG_WARN_OBJC_LITERAL_CONVERSION = YES;
				CLANG_WARN_OBJC_ROOT_CLASS = YES_ERROR;
				CLANG_WARN_QUOTED_INCLUDE_IN_FRAMEWORK_HEADER = YES;
				CLANG_WARN_RANGE_LOOP_ANALYSIS = YES;
				CLANG_WARN_STRICT_PROTOTYPES = YES;
				CLANG_WARN_SUSPICIOUS_MOVE = YES;
				CLANG_WARN_UNGUARDED_AVAILABILITY = YES_AGGRESSIVE;
				CLANG_WARN_UNREACHABLE_CODE = YES;
				CLANG_WARN__DUPLICATE_METHOD_MATCH = YES;
				COPY_PHASE_STRIP = NO;
				DEBUG_INFORMATION_FORMAT = "dwarf-with-dsym";
				ENABLE_NS_ASSERTIONS = NO;
				ENABLE_STRICT_OBJC_MSGSEND = YES;
				GCC_C_LANGUAGE_STANDARD = gnu11;
				GCC_NO_COMMON_BLOCKS = YES;
				GCC_WARN_64_TO_32_BIT_CONVERSION = YES;
				GCC_WARN_ABOUT_RETURN_TYPE = YES_ERROR;
				GCC_WARN_UNDECLARED_SELECTOR = YES;
				GCC_WARN_UNINITIALIZED_AUTOS = YES_AGGRESSIVE;
				GCC_WARN_UNUSED_FUNCTION = YES;
				GCC_WARN_UNUSED_VARIABLE = YES;
				IPHONEOS_DEPLOYMENT_TARGET = 16.4;
				MTL_ENABLE_DEBUG_INFO = NO;
				MTL_FAST_MATH = YES;
				SDKROOT = iphoneos;
				SWIFT_COMPILATION_MODE = wholemodule;
				SWIFT_OPTIMIZATION_LEVEL = "-O";
				VALIDATE_PRODUCT = YES;
			};
			name = Release;
		};
		8965233B2AE30F820091C7FB /* Debug */ = {
			isa = XCBuildConfiguration;
			buildSettings = {
				ASSETCATALOG_COMPILER_APPICON_NAME = AppIcon;
				ASSETCATALOG_COMPILER_GLOBAL_ACCENT_COLOR_NAME = AccentColor;
				CODE_SIGN_STYLE = Automatic;
				CURRENT_PROJECT_VERSION = 1;
				GENERATE_INFOPLIST_FILE = YES;
				INFOPLIST_FILE = hw4/Info.plist;
				INFOPLIST_KEY_UIApplicationSupportsIndirectInputEvents = YES;
				INFOPLIST_KEY_UILaunchStoryboardName = LaunchScreen;
				INFOPLIST_KEY_UISupportedInterfaceOrientations_iPad = "UIInterfaceOrientationPortrait UIInterfaceOrientationPortraitUpsideDown UIInterfaceOrientationLandscapeLeft UIInterfaceOrientationLandscapeRight";
				INFOPLIST_KEY_UISupportedInterfaceOrientations_iPhone = "UIInterfaceOrientationPortrait UIInterfaceOrientationLandscapeLeft UIInterfaceOrientationLandscapeRight";
				LD_RUNPATH_SEARCH_PATHS = (
					"$(inherited)",
					"@executable_path/Frameworks",
				);
				MARKETING_VERSION = 1.0;
				PRODUCT_BUNDLE_IDENTIFIER = No.hw4;
				PRODUCT_NAME = "$(TARGET_NAME)";
				SWIFT_EMIT_LOC_STRINGS = YES;
				SWIFT_VERSION = 5.0;
				TARGETED_DEVICE_FAMILY = "1,2";
			};
			name = Debug;
		};
		8965233C2AE30F820091C7FB /* Release */ = {
			isa = XCBuildConfiguration;
			buildSettings = {
				ASSETCATALOG_COMPILER_APPICON_NAME = AppIcon;
				ASSETCATALOG_COMPILER_GLOBAL_ACCENT_COLOR_NAME = AccentColor;
				CODE_SIGN_STYLE = Automatic;
				CURRENT_PROJECT_VERSION = 1;
				GENERATE_INFOPLIST_FILE = YES;
				INFOPLIST_FILE = hw4/Info.plist;
				INFOPLIST_KEY_UIApplicationSupportsIndirectInputEvents = YES;
				INFOPLIST_KEY_UILaunchStoryboardName = LaunchScreen;
				INFOPLIST_KEY_UISupportedInterfaceOrientations_iPad = "UIInterfaceOrientationPortrait UIInterfaceOrientationPortraitUpsideDown UIInterfaceOrientationLandscapeLeft UIInterfaceOrientationLandscapeRight";
				INFOPLIST_KEY_UISupportedInterfaceOrientations_iPhone = "UIInterfaceOrientationPortrait UIInterfaceOrientationLandscapeLeft UIInterfaceOrientationLandscapeRight";
				LD_RUNPATH_SEARCH_PATHS = (
					"$(inherited)",
					"@executable_path/Frameworks",
				);
				MARKETING_VERSION = 1.0;
				PRODUCT_BUNDLE_IDENTIFIER = No.hw4;
				PRODUCT_NAME = "$(TARGET_NAME)";
				SWIFT_EMIT_LOC_STRINGS = YES;
				SWIFT_VERSION = 5.0;
				TARGETED_DEVICE_FAMILY = "1,2";
			};
			name = Release;
		};
/* End XCBuildConfiguration section */

/* Begin XCConfigurationList section */
		896523212AE30F7A0091C7FB /* Build configuration list for PBXProject "hw4" */ = {
			isa = XCConfigurationList;
			buildConfigurations = (
				896523382AE30F820091C7FB /* Debug */,
				896523392AE30F820091C7FB /* Release */,
			);
			defaultConfigurationIsVisible = 0;
			defaultConfigurationName = Release;
		};
		8965233A2AE30F820091C7FB /* Build configuration list for PBXNativeTarget "hw4" */ = {
			isa = XCConfigurationList;
			buildConfigurations = (
				8965233B2AE30F820091C7FB /* Debug */,
				8965233C2AE30F820091C7FB /* Release */,
			);
			defaultConfigurationIsVisible = 0;
			defaultConfigurationName = Release;
		};
/* End XCConfigurationList section */
	};
	rootObject = 8965231E2AE30F7A0091C7FB /* Project object */;
}
